// !$*UTF8*$!
{
	archiveVersion = 1;
	classes = {
	};
	objectVersion = 46;
	objects = {

/* Begin PBXBuildFile section */
		651786851C33398800D62297 /* AppDelegate.swift in Sources */ = {isa = PBXBuildFile; fileRef = 651786841C33398800D62297 /* AppDelegate.swift */; };
		651786871C33398800D62297 /* LoggInnViewController.swift in Sources */ = {isa = PBXBuildFile; fileRef = 651786861C33398800D62297 /* LoggInnViewController.swift */; };
		6517868A1C33398800D62297 /* Main.storyboard in Resources */ = {isa = PBXBuildFile; fileRef = 651786881C33398800D62297 /* Main.storyboard */; };
		6517868D1C33398800D62297 /* Sleden.xcdatamodeld in Sources */ = {isa = PBXBuildFile; fileRef = 6517868B1C33398800D62297 /* Sleden.xcdatamodeld */; };
		6517868F1C33398800D62297 /* Assets.xcassets in Resources */ = {isa = PBXBuildFile; fileRef = 6517868E1C33398800D62297 /* Assets.xcassets */; };
		651786921C33398800D62297 /* LaunchScreen.storyboard in Resources */ = {isa = PBXBuildFile; fileRef = 651786901C33398800D62297 /* LaunchScreen.storyboard */; };
		6517869D1C33398900D62297 /* SledenTests.swift in Sources */ = {isa = PBXBuildFile; fileRef = 6517869C1C33398900D62297 /* SledenTests.swift */; };
		651786A81C33398900D62297 /* SledenUITests.swift in Sources */ = {isa = PBXBuildFile; fileRef = 651786A71C33398900D62297 /* SledenUITests.swift */; };
		651786BC1C333A7C00D62297 /* AudioToolbox.framework in Frameworks */ = {isa = PBXBuildFile; fileRef = 651786BB1C333A7C00D62297 /* AudioToolbox.framework */; };
		651786BE1C333A8600D62297 /* CFNetwork.framework in Frameworks */ = {isa = PBXBuildFile; fileRef = 651786BD1C333A8600D62297 /* CFNetwork.framework */; };
		651786C01C333A9000D62297 /* CoreGraphics.framework in Frameworks */ = {isa = PBXBuildFile; fileRef = 651786BF1C333A9000D62297 /* CoreGraphics.framework */; };
		651786C21C333A9900D62297 /* CoreLocation.framework in Frameworks */ = {isa = PBXBuildFile; fileRef = 651786C11C333A9900D62297 /* CoreLocation.framework */; };
		651786C41C333AA300D62297 /* QuartzCore.framework in Frameworks */ = {isa = PBXBuildFile; fileRef = 651786C31C333AA300D62297 /* QuartzCore.framework */; };
		651786C61C333AAC00D62297 /* Security.framework in Frameworks */ = {isa = PBXBuildFile; fileRef = 651786C51C333AAC00D62297 /* Security.framework */; };
		651786C81C333AB400D62297 /* StoreKit.framework in Frameworks */ = {isa = PBXBuildFile; fileRef = 651786C71C333AB400D62297 /* StoreKit.framework */; };
		651786CA1C333ABF00D62297 /* SystemConfiguration.framework in Frameworks */ = {isa = PBXBuildFile; fileRef = 651786C91C333ABF00D62297 /* SystemConfiguration.framework */; };
		651786CC1C333AC800D62297 /* libz.tbd in Frameworks */ = {isa = PBXBuildFile; fileRef = 651786CB1C333AC800D62297 /* libz.tbd */; };
		651786CE1C333AD300D62297 /* libsqlite3.tbd in Frameworks */ = {isa = PBXBuildFile; fileRef = 651786CD1C333AD300D62297 /* libsqlite3.tbd */; };
		65ABB1781C3423A3002AA32D /* Bolts.framework in Frameworks */ = {isa = PBXBuildFile; fileRef = 65ABB1771C3423A3002AA32D /* Bolts.framework */; };
		65ABB17A1C3423AA002AA32D /* Parse.framework in Frameworks */ = {isa = PBXBuildFile; fileRef = 65ABB1791C3423AA002AA32D /* Parse.framework */; };
		65ABB17C1C3423B7002AA32D /* ParseUI.framework in Frameworks */ = {isa = PBXBuildFile; fileRef = 65ABB17B1C3423B7002AA32D /* ParseUI.framework */; };
		65ABB17E1C34262E002AA32D /* RegistrerViewController.swift in Sources */ = {isa = PBXBuildFile; fileRef = 65ABB17D1C34262E002AA32D /* RegistrerViewController.swift */; };
		65ABB1801C342D01002AA32D /* menyViewController.swift in Sources */ = {isa = PBXBuildFile; fileRef = 65ABB17F1C342D01002AA32D /* menyViewController.swift */; };
		65ABB1821C357845002AA32D /* TextViewDesigne.swift in Sources */ = {isa = PBXBuildFile; fileRef = 65ABB1811C357845002AA32D /* TextViewDesigne.swift */; };
		65ABB1861C36ED42002AA32D /* TableViewCell.swift in Sources */ = {isa = PBXBuildFile; fileRef = 65ABB1851C36ED42002AA32D /* TableViewCell.swift */; };
		65ABB18A1C36F0EE002AA32D /* FrindsTableViewController.swift in Sources */ = {isa = PBXBuildFile; fileRef = 65ABB1891C36F0EE002AA32D /* FrindsTableViewController.swift */; };
		65ABB18E1C36F364002AA32D /* GetFriends.swift in Sources */ = {isa = PBXBuildFile; fileRef = 65ABB18C1C36F364002AA32D /* GetFriends.swift */; };
		65ABB1901C36F688002AA32D /* User.swift in Sources */ = {isa = PBXBuildFile; fileRef = 65ABB18F1C36F688002AA32D /* User.swift */; };
		65ABB1921C36F6F1002AA32D /* userRelationEnum.swift in Sources */ = {isa = PBXBuildFile; fileRef = 65ABB1911C36F6F1002AA32D /* userRelationEnum.swift */; };
		65C264C81C3416A1004B967A /* parse-library-1.11.0 in Resources */ = {isa = PBXBuildFile; fileRef = 65C264C71C3416A1004B967A /* parse-library-1.11.0 */; };
/* End PBXBuildFile section */

/* Begin PBXContainerItemProxy section */
		651786991C33398900D62297 /* PBXContainerItemProxy */ = {
			isa = PBXContainerItemProxy;
			containerPortal = 651786791C33398800D62297 /* Project object */;
			proxyType = 1;
			remoteGlobalIDString = 651786801C33398800D62297;
			remoteInfo = Sleden;
		};
		651786A41C33398900D62297 /* PBXContainerItemProxy */ = {
			isa = PBXContainerItemProxy;
			containerPortal = 651786791C33398800D62297 /* Project object */;
			proxyType = 1;
			remoteGlobalIDString = 651786801C33398800D62297;
			remoteInfo = Sleden;
		};
/* End PBXContainerItemProxy section */

/* Begin PBXFileReference section */
		651786811C33398800D62297 /* Sleden.app */ = {isa = PBXFileReference; explicitFileType = wrapper.application; includeInIndex = 0; path = Sleden.app; sourceTree = BUILT_PRODUCTS_DIR; };
		651786841C33398800D62297 /* AppDelegate.swift */ = {isa = PBXFileReference; lastKnownFileType = sourcecode.swift; path = AppDelegate.swift; sourceTree = "<group>"; };
		651786861C33398800D62297 /* LoggInnViewController.swift */ = {isa = PBXFileReference; lastKnownFileType = sourcecode.swift; path = LoggInnViewController.swift; sourceTree = "<group>"; };
		651786891C33398800D62297 /* Base */ = {isa = PBXFileReference; lastKnownFileType = file.storyboard; name = Base; path = Base.lproj/Main.storyboard; sourceTree = "<group>"; };
		6517868C1C33398800D62297 /* Sleden.xcdatamodel */ = {isa = PBXFileReference; lastKnownFileType = wrapper.xcdatamodel; path = Sleden.xcdatamodel; sourceTree = "<group>"; };
		6517868E1C33398800D62297 /* Assets.xcassets */ = {isa = PBXFileReference; lastKnownFileType = folder.assetcatalog; path = Assets.xcassets; sourceTree = "<group>"; };
		651786911C33398800D62297 /* Base */ = {isa = PBXFileReference; lastKnownFileType = file.storyboard; name = Base; path = Base.lproj/LaunchScreen.storyboard; sourceTree = "<group>"; };
		651786931C33398800D62297 /* Info.plist */ = {isa = PBXFileReference; lastKnownFileType = text.plist.xml; path = Info.plist; sourceTree = "<group>"; };
		651786981C33398900D62297 /* SledenTests.xctest */ = {isa = PBXFileReference; explicitFileType = wrapper.cfbundle; includeInIndex = 0; path = SledenTests.xctest; sourceTree = BUILT_PRODUCTS_DIR; };
		6517869C1C33398900D62297 /* SledenTests.swift */ = {isa = PBXFileReference; lastKnownFileType = sourcecode.swift; path = SledenTests.swift; sourceTree = "<group>"; };
		6517869E1C33398900D62297 /* Info.plist */ = {isa = PBXFileReference; lastKnownFileType = text.plist.xml; path = Info.plist; sourceTree = "<group>"; };
		651786A31C33398900D62297 /* SledenUITests.xctest */ = {isa = PBXFileReference; explicitFileType = wrapper.cfbundle; includeInIndex = 0; path = SledenUITests.xctest; sourceTree = BUILT_PRODUCTS_DIR; };
		651786A71C33398900D62297 /* SledenUITests.swift */ = {isa = PBXFileReference; lastKnownFileType = sourcecode.swift; path = SledenUITests.swift; sourceTree = "<group>"; };
		651786A91C33398900D62297 /* Info.plist */ = {isa = PBXFileReference; lastKnownFileType = text.plist.xml; path = Info.plist; sourceTree = "<group>"; };
		651786BB1C333A7C00D62297 /* AudioToolbox.framework */ = {isa = PBXFileReference; lastKnownFileType = wrapper.framework; name = AudioToolbox.framework; path = System/Library/Frameworks/AudioToolbox.framework; sourceTree = SDKROOT; };
		651786BD1C333A8600D62297 /* CFNetwork.framework */ = {isa = PBXFileReference; lastKnownFileType = wrapper.framework; name = CFNetwork.framework; path = System/Library/Frameworks/CFNetwork.framework; sourceTree = SDKROOT; };
		651786BF1C333A9000D62297 /* CoreGraphics.framework */ = {isa = PBXFileReference; lastKnownFileType = wrapper.framework; name = CoreGraphics.framework; path = System/Library/Frameworks/CoreGraphics.framework; sourceTree = SDKROOT; };
		651786C11C333A9900D62297 /* CoreLocation.framework */ = {isa = PBXFileReference; lastKnownFileType = wrapper.framework; name = CoreLocation.framework; path = System/Library/Frameworks/CoreLocation.framework; sourceTree = SDKROOT; };
		651786C31C333AA300D62297 /* QuartzCore.framework */ = {isa = PBXFileReference; lastKnownFileType = wrapper.framework; name = QuartzCore.framework; path = System/Library/Frameworks/QuartzCore.framework; sourceTree = SDKROOT; };
		651786C51C333AAC00D62297 /* Security.framework */ = {isa = PBXFileReference; lastKnownFileType = wrapper.framework; name = Security.framework; path = System/Library/Frameworks/Security.framework; sourceTree = SDKROOT; };
		651786C71C333AB400D62297 /* StoreKit.framework */ = {isa = PBXFileReference; lastKnownFileType = wrapper.framework; name = StoreKit.framework; path = System/Library/Frameworks/StoreKit.framework; sourceTree = SDKROOT; };
		651786C91C333ABF00D62297 /* SystemConfiguration.framework */ = {isa = PBXFileReference; lastKnownFileType = wrapper.framework; name = SystemConfiguration.framework; path = System/Library/Frameworks/SystemConfiguration.framework; sourceTree = SDKROOT; };
		651786CB1C333AC800D62297 /* libz.tbd */ = {isa = PBXFileReference; lastKnownFileType = "sourcecode.text-based-dylib-definition"; name = libz.tbd; path = usr/lib/libz.tbd; sourceTree = SDKROOT; };
		651786CD1C333AD300D62297 /* libsqlite3.tbd */ = {isa = PBXFileReference; lastKnownFileType = "sourcecode.text-based-dylib-definition"; name = libsqlite3.tbd; path = usr/lib/libsqlite3.tbd; sourceTree = SDKROOT; };
		65ABB1771C3423A3002AA32D /* Bolts.framework */ = {isa = PBXFileReference; lastKnownFileType = wrapper.framework; name = Bolts.framework; path = "parse-library-1.11.0/Bolts.framework"; sourceTree = "<group>"; };
		65ABB1791C3423AA002AA32D /* Parse.framework */ = {isa = PBXFileReference; lastKnownFileType = wrapper.framework; name = Parse.framework; path = "parse-library-1.11.0/Parse.framework"; sourceTree = "<group>"; };
		65ABB17B1C3423B7002AA32D /* ParseUI.framework */ = {isa = PBXFileReference; lastKnownFileType = wrapper.framework; name = ParseUI.framework; path = "parse-library-1.11.0/ParseUI.framework"; sourceTree = "<group>"; };
		65ABB17D1C34262E002AA32D /* RegistrerViewController.swift */ = {isa = PBXFileReference; fileEncoding = 4; lastKnownFileType = sourcecode.swift; path = RegistrerViewController.swift; sourceTree = "<group>"; };
		65ABB17F1C342D01002AA32D /* menyViewController.swift */ = {isa = PBXFileReference; fileEncoding = 4; lastKnownFileType = sourcecode.swift; path = menyViewController.swift; sourceTree = "<group>"; };
		65ABB1811C357845002AA32D /* TextViewDesigne.swift */ = {isa = PBXFileReference; fileEncoding = 4; lastKnownFileType = sourcecode.swift; path = TextViewDesigne.swift; sourceTree = "<group>"; };
		65ABB1851C36ED42002AA32D /* TableViewCell.swift */ = {isa = PBXFileReference; fileEncoding = 4; lastKnownFileType = sourcecode.swift; path = TableViewCell.swift; sourceTree = "<group>"; };
		65ABB1891C36F0EE002AA32D /* FrindsTableViewController.swift */ = {isa = PBXFileReference; fileEncoding = 4; lastKnownFileType = sourcecode.swift; path = FrindsTableViewController.swift; sourceTree = "<group>"; };
		65ABB18C1C36F364002AA32D /* GetFriends.swift */ = {isa = PBXFileReference; fileEncoding = 4; lastKnownFileType = sourcecode.swift; path = GetFriends.swift; sourceTree = "<group>"; };
		65ABB18F1C36F688002AA32D /* User.swift */ = {isa = PBXFileReference; fileEncoding = 4; lastKnownFileType = sourcecode.swift; path = User.swift; sourceTree = "<group>"; };
		65ABB1911C36F6F1002AA32D /* userRelationEnum.swift */ = {isa = PBXFileReference; fileEncoding = 4; lastKnownFileType = sourcecode.swift; path = userRelationEnum.swift; sourceTree = "<group>"; };
		65C264C71C3416A1004B967A /* parse-library-1.11.0 */ = {isa = PBXFileReference; lastKnownFileType = folder; path = "parse-library-1.11.0"; sourceTree = "<group>"; };
/* End PBXFileReference section */

/* Begin PBXFrameworksBuildPhase section */
		6517867E1C33398800D62297 /* Frameworks */ = {
			isa = PBXFrameworksBuildPhase;
			buildActionMask = 2147483647;
			files = (
				651786CE1C333AD300D62297 /* libsqlite3.tbd in Frameworks */,
				651786CC1C333AC800D62297 /* libz.tbd in Frameworks */,
				651786CA1C333ABF00D62297 /* SystemConfiguration.framework in Frameworks */,
				651786C81C333AB400D62297 /* StoreKit.framework in Frameworks */,
				651786C61C333AAC00D62297 /* Security.framework in Frameworks */,
				651786C41C333AA300D62297 /* QuartzCore.framework in Frameworks */,
				651786C21C333A9900D62297 /* CoreLocation.framework in Frameworks */,
				651786C01C333A9000D62297 /* CoreGraphics.framework in Frameworks */,
				65ABB1781C3423A3002AA32D /* Bolts.framework in Frameworks */,
				651786BE1C333A8600D62297 /* CFNetwork.framework in Frameworks */,
				65ABB17A1C3423AA002AA32D /* Parse.framework in Frameworks */,
				651786BC1C333A7C00D62297 /* AudioToolbox.framework in Frameworks */,
				65ABB17C1C3423B7002AA32D /* ParseUI.framework in Frameworks */,
			);
			runOnlyForDeploymentPostprocessing = 0;
		};
		651786951C33398900D62297 /* Frameworks */ = {
			isa = PBXFrameworksBuildPhase;
			buildActionMask = 2147483647;
			files = (
			);
			runOnlyForDeploymentPostprocessing = 0;
		};
		651786A01C33398900D62297 /* Frameworks */ = {
			isa = PBXFrameworksBuildPhase;
			buildActionMask = 2147483647;
			files = (
			);
			runOnlyForDeploymentPostprocessing = 0;
		};
/* End PBXFrameworksBuildPhase section */

/* Begin PBXGroup section */
		651786781C33398800D62297 = {
			isa = PBXGroup;
			children = (
				651786CF1C333AF300D62297 /* Frameworks */,
				651786831C33398800D62297 /* Sleden */,
				6517869B1C33398900D62297 /* SledenTests */,
				651786A61C33398900D62297 /* SledenUITests */,
				651786821C33398800D62297 /* Products */,
			);
			sourceTree = "<group>";
		};
		651786821C33398800D62297 /* Products */ = {
			isa = PBXGroup;
			children = (
				651786811C33398800D62297 /* Sleden.app */,
				651786981C33398900D62297 /* SledenTests.xctest */,
				651786A31C33398900D62297 /* SledenUITests.xctest */,
			);
			name = Products;
			sourceTree = "<group>";
		};
		651786831C33398800D62297 /* Sleden */ = {
			isa = PBXGroup;
			children = (
				651786841C33398800D62297 /* AppDelegate.swift */,
				651786861C33398800D62297 /* LoggInnViewController.swift */,
				65ABB17D1C34262E002AA32D /* RegistrerViewController.swift */,
				65ABB17F1C342D01002AA32D /* menyViewController.swift */,
				65ABB1891C36F0EE002AA32D /* FrindsTableViewController.swift */,
				65ABB1841C36ECDB002AA32D /* Modules */,
				65ABB1831C357A06002AA32D /* Designe */,
				651786881C33398800D62297 /* Main.storyboard */,
				6517868E1C33398800D62297 /* Assets.xcassets */,
				651786901C33398800D62297 /* LaunchScreen.storyboard */,
				651786931C33398800D62297 /* Info.plist */,
				6517868B1C33398800D62297 /* Sleden.xcdatamodeld */,
			);
			path = Sleden;
			sourceTree = "<group>";
		};
		6517869B1C33398900D62297 /* SledenTests */ = {
			isa = PBXGroup;
			children = (
				6517869C1C33398900D62297 /* SledenTests.swift */,
				6517869E1C33398900D62297 /* Info.plist */,
			);
			path = SledenTests;
			sourceTree = "<group>";
		};
		651786A61C33398900D62297 /* SledenUITests */ = {
			isa = PBXGroup;
			children = (
				651786A71C33398900D62297 /* SledenUITests.swift */,
				651786A91C33398900D62297 /* Info.plist */,
			);
			path = SledenUITests;
			sourceTree = "<group>";
		};
		651786CF1C333AF300D62297 /* Frameworks */ = {
			isa = PBXGroup;
			children = (
				65ABB17B1C3423B7002AA32D /* ParseUI.framework */,
				65ABB1791C3423AA002AA32D /* Parse.framework */,
				65ABB1771C3423A3002AA32D /* Bolts.framework */,
				65C264C71C3416A1004B967A /* parse-library-1.11.0 */,
				651786CD1C333AD300D62297 /* libsqlite3.tbd */,
				651786CB1C333AC800D62297 /* libz.tbd */,
				651786C91C333ABF00D62297 /* SystemConfiguration.framework */,
				651786C71C333AB400D62297 /* StoreKit.framework */,
				651786C51C333AAC00D62297 /* Security.framework */,
				651786C31C333AA300D62297 /* QuartzCore.framework */,
				651786C11C333A9900D62297 /* CoreLocation.framework */,
				651786BF1C333A9000D62297 /* CoreGraphics.framework */,
				651786BD1C333A8600D62297 /* CFNetwork.framework */,
				651786BB1C333A7C00D62297 /* AudioToolbox.framework */,
			);
			name = Frameworks;
			sourceTree = "<group>";
		};
		65ABB1831C357A06002AA32D /* Designe */ = {
			isa = PBXGroup;
			children = (
				65ABB1811C357845002AA32D /* TextViewDesigne.swift */,
				65ABB1851C36ED42002AA32D /* TableViewCell.swift */,
			);
			name = Designe;
			sourceTree = "<group>";
		};
		65ABB1841C36ECDB002AA32D /* Modules */ = {
			isa = PBXGroup;
			children = (
				65ABB1911C36F6F1002AA32D /* userRelationEnum.swift */,
				65ABB18C1C36F364002AA32D /* GetFriends.swift */,
				65ABB18F1C36F688002AA32D /* User.swift */,
			);
			name = Modules;
			sourceTree = "<group>";
		};
/* End PBXGroup section */

/* Begin PBXNativeTarget section */
		651786801C33398800D62297 /* Sleden */ = {
			isa = PBXNativeTarget;
			buildConfigurationList = 651786AC1C33398900D62297 /* Build configuration list for PBXNativeTarget "Sleden" */;
			buildPhases = (
				6517867D1C33398800D62297 /* Sources */,
				6517867E1C33398800D62297 /* Frameworks */,
				6517867F1C33398800D62297 /* Resources */,
			);
			buildRules = (
			);
			dependencies = (
			);
			name = Sleden;
			productName = Sleden;
			productReference = 651786811C33398800D62297 /* Sleden.app */;
			productType = "com.apple.product-type.application";
		};
		651786971C33398900D62297 /* SledenTests */ = {
			isa = PBXNativeTarget;
			buildConfigurationList = 651786AF1C33398900D62297 /* Build configuration list for PBXNativeTarget "SledenTests" */;
			buildPhases = (
				651786941C33398900D62297 /* Sources */,
				651786951C33398900D62297 /* Frameworks */,
				651786961C33398900D62297 /* Resources */,
			);
			buildRules = (
			);
			dependencies = (
				6517869A1C33398900D62297 /* PBXTargetDependency */,
			);
			name = SledenTests;
			productName = SledenTests;
			productReference = 651786981C33398900D62297 /* SledenTests.xctest */;
			productType = "com.apple.product-type.bundle.unit-test";
		};
		651786A21C33398900D62297 /* SledenUITests */ = {
			isa = PBXNativeTarget;
			buildConfigurationList = 651786B21C33398900D62297 /* Build configuration list for PBXNativeTarget "SledenUITests" */;
			buildPhases = (
				6517869F1C33398900D62297 /* Sources */,
				651786A01C33398900D62297 /* Frameworks */,
				651786A11C33398900D62297 /* Resources */,
			);
			buildRules = (
			);
			dependencies = (
				651786A51C33398900D62297 /* PBXTargetDependency */,
			);
			name = SledenUITests;
			productName = SledenUITests;
			productReference = 651786A31C33398900D62297 /* SledenUITests.xctest */;
			productType = "com.apple.product-type.bundle.ui-testing";
		};
/* End PBXNativeTarget section */

/* Begin PBXProject section */
		651786791C33398800D62297 /* Project object */ = {
			isa = PBXProject;
			attributes = {
				LastSwiftUpdateCheck = 0720;
				LastUpgradeCheck = 0720;
				ORGANIZATIONNAME = "Daniel Alvestad";
				TargetAttributes = {
					651786801C33398800D62297 = {
						CreatedOnToolsVersion = 7.2;
						DevelopmentTeam = B75HXEY846;
					};
					651786971C33398900D62297 = {
						CreatedOnToolsVersion = 7.2;
						DevelopmentTeam = B75HXEY846;
						TestTargetID = 651786801C33398800D62297;
					};
					651786A21C33398900D62297 = {
						CreatedOnToolsVersion = 7.2;
						DevelopmentTeam = B75HXEY846;
						TestTargetID = 651786801C33398800D62297;
					};
				};
			};
			buildConfigurationList = 6517867C1C33398800D62297 /* Build configuration list for PBXProject "Sleden" */;
			compatibilityVersion = "Xcode 3.2";
			developmentRegion = English;
			hasScannedForEncodings = 0;
			knownRegions = (
				en,
				Base,
			);
			mainGroup = 651786781C33398800D62297;
			productRefGroup = 651786821C33398800D62297 /* Products */;
			projectDirPath = "";
			projectRoot = "";
			targets = (
				651786801C33398800D62297 /* Sleden */,
				651786971C33398900D62297 /* SledenTests */,
				651786A21C33398900D62297 /* SledenUITests */,
			);
		};
/* End PBXProject section */

/* Begin PBXResourcesBuildPhase section */
		6517867F1C33398800D62297 /* Resources */ = {
			isa = PBXResourcesBuildPhase;
			buildActionMask = 2147483647;
			files = (
				651786921C33398800D62297 /* LaunchScreen.storyboard in Resources */,
				65C264C81C3416A1004B967A /* parse-library-1.11.0 in Resources */,
				6517868F1C33398800D62297 /* Assets.xcassets in Resources */,
				6517868A1C33398800D62297 /* Main.storyboard in Resources */,
			);
			runOnlyForDeploymentPostprocessing = 0;
		};
		651786961C33398900D62297 /* Resources */ = {
			isa = PBXResourcesBuildPhase;
			buildActionMask = 2147483647;
			files = (
			);
			runOnlyForDeploymentPostprocessing = 0;
		};
		651786A11C33398900D62297 /* Resources */ = {
			isa = PBXResourcesBuildPhase;
			buildActionMask = 2147483647;
			files = (
			);
			runOnlyForDeploymentPostprocessing = 0;
		};
/* End PBXResourcesBuildPhase section */

/* Begin PBXSourcesBuildPhase section */
		6517867D1C33398800D62297 /* Sources */ = {
			isa = PBXSourcesBuildPhase;
			buildActionMask = 2147483647;
			files = (
				6517868D1C33398800D62297 /* Sleden.xcdatamodeld in Sources */,
				651786871C33398800D62297 /* LoggInnViewController.swift in Sources */,
				65ABB1921C36F6F1002AA32D /* userRelationEnum.swift in Sources */,
				65ABB17E1C34262E002AA32D /* RegistrerViewController.swift in Sources */,
				65ABB1801C342D01002AA32D /* menyViewController.swift in Sources */,
				65ABB18E1C36F364002AA32D /* GetFriends.swift in Sources */,
				651786851C33398800D62297 /* AppDelegate.swift in Sources */,
				65ABB1861C36ED42002AA32D /* TableViewCell.swift in Sources */,
				65ABB1821C357845002AA32D /* TextViewDesigne.swift in Sources */,
				65ABB18A1C36F0EE002AA32D /* FrindsTableViewController.swift in Sources */,
				65ABB1901C36F688002AA32D /* User.swift in Sources */,
			);
			runOnlyForDeploymentPostprocessing = 0;
		};
		651786941C33398900D62297 /* Sources */ = {
			isa = PBXSourcesBuildPhase;
			buildActionMask = 2147483647;
			files = (
				6517869D1C33398900D62297 /* SledenTests.swift in Sources */,
			);
			runOnlyForDeploymentPostprocessing = 0;
		};
		6517869F1C33398900D62297 /* Sources */ = {
			isa = PBXSourcesBuildPhase;
			buildActionMask = 2147483647;
			files = (
				651786A81C33398900D62297 /* SledenUITests.swift in Sources */,
			);
			runOnlyForDeploymentPostprocessing = 0;
		};
/* End PBXSourcesBuildPhase section */

/* Begin PBXTargetDependency section */
		6517869A1C33398900D62297 /* PBXTargetDependency */ = {
			isa = PBXTargetDependency;
			target = 651786801C33398800D62297 /* Sleden */;
			targetProxy = 651786991C33398900D62297 /* PBXContainerItemProxy */;
		};
		651786A51C33398900D62297 /* PBXTargetDependency */ = {
			isa = PBXTargetDependency;
			target = 651786801C33398800D62297 /* Sleden */;
			targetProxy = 651786A41C33398900D62297 /* PBXContainerItemProxy */;
		};
/* End PBXTargetDependency section */

/* Begin PBXVariantGroup section */
		651786881C33398800D62297 /* Main.storyboard */ = {
			isa = PBXVariantGroup;
			children = (
				651786891C33398800D62297 /* Base */,
			);
			name = Main.storyboard;
			sourceTree = "<group>";
		};
		651786901C33398800D62297 /* LaunchScreen.storyboard */ = {
			isa = PBXVariantGroup;
			children = (
				651786911C33398800D62297 /* Base */,
			);
			name = LaunchScreen.storyboard;
			sourceTree = "<group>";
		};
/* End PBXVariantGroup section */

/* Begin XCBuildConfiguration section */
		651786AA1C33398900D62297 /* Debug */ = {
			isa = XCBuildConfiguration;
			buildSettings = {
				ALWAYS_SEARCH_USER_PATHS = NO;
				CLANG_CXX_LANGUAGE_STANDARD = "gnu++0x";
				CLANG_CXX_LIBRARY = "libc++";
				CLANG_ENABLE_MODULES = YES;
				CLANG_ENABLE_OBJC_ARC = YES;
				CLANG_WARN_BOOL_CONVERSION = YES;
				CLANG_WARN_CONSTANT_CONVERSION = YES;
				CLANG_WARN_DIRECT_OBJC_ISA_USAGE = YES_ERROR;
				CLANG_WARN_EMPTY_BODY = YES;
				CLANG_WARN_ENUM_CONVERSION = YES;
				CLANG_WARN_INT_CONVERSION = YES;
				CLANG_WARN_OBJC_ROOT_CLASS = YES_ERROR;
				CLANG_WARN_UNREACHABLE_CODE = YES;
				CLANG_WARN__DUPLICATE_METHOD_MATCH = YES;
				"CODE_SIGN_IDENTITY[sdk=iphoneos*]" = "iPhone Developer";
				COPY_PHASE_STRIP = NO;
				DEBUG_INFORMATION_FORMAT = dwarf;
				ENABLE_STRICT_OBJC_MSGSEND = YES;
				ENABLE_TESTABILITY = YES;
				GCC_C_LANGUAGE_STANDARD = gnu99;
				GCC_DYNAMIC_NO_PIC = NO;
				GCC_NO_COMMON_BLOCKS = YES;
				GCC_OPTIMIZATION_LEVEL = 0;
				GCC_PREPROCESSOR_DEFINITIONS = (
					"DEBUG=1",
					"$(inherited)",
				);
				GCC_WARN_64_TO_32_BIT_CONVERSION = YES;
				GCC_WARN_ABOUT_RETURN_TYPE = YES_ERROR;
				GCC_WARN_UNDECLARED_SELECTOR = YES;
				GCC_WARN_UNINITIALIZED_AUTOS = YES_AGGRESSIVE;
				GCC_WARN_UNUSED_FUNCTION = YES;
				GCC_WARN_UNUSED_VARIABLE = YES;
				IPHONEOS_DEPLOYMENT_TARGET = 9.2;
				MTL_ENABLE_DEBUG_INFO = YES;
				ONLY_ACTIVE_ARCH = YES;
				SDKROOT = iphoneos;
				SWIFT_OPTIMIZATION_LEVEL = "-Onone";
			};
			name = Debug;
		};
		651786AB1C33398900D62297 /* Release */ = {
			isa = XCBuildConfiguration;
			buildSettings = {
				ALWAYS_SEARCH_USER_PATHS = NO;
				CLANG_CXX_LANGUAGE_STANDARD = "gnu++0x";
				CLANG_CXX_LIBRARY = "libc++";
				CLANG_ENABLE_MODULES = YES;
				CLANG_ENABLE_OBJC_ARC = YES;
				CLANG_WARN_BOOL_CONVERSION = YES;
				CLANG_WARN_CONSTANT_CONVERSION = YES;
				CLANG_WARN_DIRECT_OBJC_ISA_USAGE = YES_ERROR;
				CLANG_WARN_EMPTY_BODY = YES;
				CLANG_WARN_ENUM_CONVERSION = YES;
				CLANG_WARN_INT_CONVERSION = YES;
				CLANG_WARN_OBJC_ROOT_CLASS = YES_ERROR;
				CLANG_WARN_UNREACHABLE_CODE = YES;
				CLANG_WARN__DUPLICATE_METHOD_MATCH = YES;
				"CODE_SIGN_IDENTITY[sdk=iphoneos*]" = "iPhone Developer";
				COPY_PHASE_STRIP = NO;
				DEBUG_INFORMATION_FORMAT = "dwarf-with-dsym";
				ENABLE_NS_ASSERTIONS = NO;
				ENABLE_STRICT_OBJC_MSGSEND = YES;
				GCC_C_LANGUAGE_STANDARD = gnu99;
				GCC_NO_COMMON_BLOCKS = YES;
				GCC_WARN_64_TO_32_BIT_CONVERSION = YES;
				GCC_WARN_ABOUT_RETURN_TYPE = YES_ERROR;
				GCC_WARN_UNDECLARED_SELECTOR = YES;
				GCC_WARN_UNINITIALIZED_AUTOS = YES_AGGRESSIVE;
				GCC_WARN_UNUSED_FUNCTION = YES;
				GCC_WARN_UNUSED_VARIABLE = YES;
				IPHONEOS_DEPLOYMENT_TARGET = 9.2;
				MTL_ENABLE_DEBUG_INFO = NO;
				SDKROOT = iphoneos;
				VALIDATE_PRODUCT = YES;
			};
			name = Release;
		};
		651786AD1C33398900D62297 /* Debug */ = {
			isa = XCBuildConfiguration;
			buildSettings = {
				ASSETCATALOG_COMPILER_APPICON_NAME = AppIcon;
				FRAMEWORK_SEARCH_PATHS = (
					"$(inherited)",
					"$(PROJECT_DIR)",
					"$(PROJECT_DIR)/parse-library-1.11.0",
				);
				INFOPLIST_FILE = Sleden/Info.plist;
				LD_RUNPATH_SEARCH_PATHS = "$(inherited) @executable_path/Frameworks";
				PRODUCT_BUNDLE_IDENTIFIER = com.Sleden;
				PRODUCT_NAME = "$(TARGET_NAME)";
			};
			name = Debug;
		};
		651786AE1C33398900D62297 /* Release */ = {
			isa = XCBuildConfiguration;
			buildSettings = {
				ASSETCATALOG_COMPILER_APPICON_NAME = AppIcon;
				FRAMEWORK_SEARCH_PATHS = (
					"$(inherited)",
					"$(PROJECT_DIR)",
					"$(PROJECT_DIR)/parse-library-1.11.0",
				);
				INFOPLIST_FILE = Sleden/Info.plist;
				LD_RUNPATH_SEARCH_PATHS = "$(inherited) @executable_path/Frameworks";
				PRODUCT_BUNDLE_IDENTIFIER = com.Sleden;
				PRODUCT_NAME = "$(TARGET_NAME)";
			};
			name = Release;
		};
		651786B01C33398900D62297 /* Debug */ = {
			isa = XCBuildConfiguration;
			buildSettings = {
				BUNDLE_LOADER = "$(TEST_HOST)";
				INFOPLIST_FILE = SledenTests/Info.plist;
				LD_RUNPATH_SEARCH_PATHS = "$(inherited) @executable_path/Frameworks @loader_path/Frameworks";
				PRODUCT_BUNDLE_IDENTIFIER = uib.student.dal001.SledenTests;
				PRODUCT_NAME = "$(TARGET_NAME)";
				TEST_HOST = "$(BUILT_PRODUCTS_DIR)/Sleden.app/Sleden";
			};
			name = Debug;
		};
		651786B11C33398900D62297 /* Release */ = {
			isa = XCBuildConfiguration;
			buildSettings = {
				BUNDLE_LOADER = "$(TEST_HOST)";
				INFOPLIST_FILE = SledenTests/Info.plist;
				LD_RUNPATH_SEARCH_PATHS = "$(inherited) @executable_path/Frameworks @loader_path/Frameworks";
				PRODUCT_BUNDLE_IDENTIFIER = uib.student.dal001.SledenTests;
				PRODUCT_NAME = "$(TARGET_NAME)";
				TEST_HOST = "$(BUILT_PRODUCTS_DIR)/Sleden.app/Sleden";
			};
			name = Release;
		};
		651786B31C33398900D62297 /* Debug */ = {
			isa = XCBuildConfiguration;
			buildSettings = {
				INFOPLIST_FILE = SledenUITests/Info.plist;
				LD_RUNPATH_SEARCH_PATHS = "$(inherited) @executable_path/Frameworks @loader_path/Frameworks";
				PRODUCT_BUNDLE_IDENTIFIER = uib.student.dal001.SledenUITests;
				PRODUCT_NAME = "$(TARGET_NAME)";
				TEST_TARGET_NAME = Sleden;
				USES_XCTRUNNER = YES;
			};
			name = Debug;
		};
		651786B41C33398900D62297 /* Release */ = {
			isa = XCBuildConfiguration;
			buildSettings = {
				INFOPLIST_FILE = SledenUITests/Info.plist;
				LD_RUNPATH_SEARCH_PATHS = "$(inherited) @executable_path/Frameworks @loader_path/Frameworks";
				PRODUCT_BUNDLE_IDENTIFIER = uib.student.dal001.SledenUITests;
				PRODUCT_NAME = "$(TARGET_NAME)";
				TEST_TARGET_NAME = Sleden;
				USES_XCTRUNNER = YES;
			};
			name = Release;
		};
/* End XCBuildConfiguration section */

/* Begin XCConfigurationList section */
		6517867C1C33398800D62297 /* Build configuration list for PBXProject "Sleden" */ = {
			isa = XCConfigurationList;
			buildConfigurations = (
				651786AA1C33398900D62297 /* Debug */,
				651786AB1C33398900D62297 /* Release */,
			);
			defaultConfigurationIsVisible = 0;
			defaultConfigurationName = Release;
		};
		651786AC1C33398900D62297 /* Build configuration list for PBXNativeTarget "Sleden" */ = {
			isa = XCConfigurationList;
			buildConfigurations = (
				651786AD1C33398900D62297 /* Debug */,
				651786AE1C33398900D62297 /* Release */,
			);
			defaultConfigurationIsVisible = 0;
			defaultConfigurationName = Release;
		};
		651786AF1C33398900D62297 /* Build configuration list for PBXNativeTarget "SledenTests" */ = {
			isa = XCConfigurationList;
			buildConfigurations = (
				651786B01C33398900D62297 /* Debug */,
				651786B11C33398900D62297 /* Release */,
			);
			defaultConfigurationIsVisible = 0;
			defaultConfigurationName = Release;
		};
		651786B21C33398900D62297 /* Build configuration list for PBXNativeTarget "SledenUITests" */ = {
			isa = XCConfigurationList;
			buildConfigurations = (
				651786B31C33398900D62297 /* Debug */,
				651786B41C33398900D62297 /* Release */,
			);
			defaultConfigurationIsVisible = 0;
			defaultConfigurationName = Release;
		};
/* End XCConfigurationList section */

/* Begin XCVersionGroup section */
		6517868B1C33398800D62297 /* Sleden.xcdatamodeld */ = {
			isa = XCVersionGroup;
			children = (
				6517868C1C33398800D62297 /* Sleden.xcdatamodel */,
			);
			currentVersion = 6517868C1C33398800D62297 /* Sleden.xcdatamodel */;
			path = Sleden.xcdatamodeld;
			sourceTree = "<group>";
			versionGroupType = wrapper.xcdatamodel;
		};
/* End XCVersionGroup section */
	};
	rootObject = 651786791C33398800D62297 /* Project object */;
}
